{
  "version": 4,
  "terraform_version": "1.1.2",
  "serial": 7,
  "lineage": "f7fe1d32-a449-c297-7654-f8a3f98034dd",
  "outputs": {
    "tufin_servers_by_name": {
      "value": "MARS_1",
      "type": "string"
    },
    "tufin_servers_by_name_servers": {
      "value": [
        {
          "comment": "Test Server MARS 1 .. Created by Tufin Terraform Provider",
          "group_id": 0,
          "id": 18207,
          "ip": "1.2.3.4",
          "name": "MARS_1",
          "security_level": ""
        }
      ],
      "type": [
        "list",
        [
          "object",
          {
            "comment": "string",
            "group_id": "number",
            "id": "number",
            "ip": "string",
            "name": "string",
            "security_level": "string"
          }
        ]
      ]
    },
    "tufin_services_by_name": {
      "value": "https",
      "type": "string"
    },
    "tufin_services_by_name_services": {
      "value": [
        {
          "comment": "HTTP protocol over TLS/SSL",
          "global": true,
          "group_id": 0,
          "id": 85,
          "max": 443,
          "min": 443,
          "name": "https",
          "protocol": "",
          "type": "tcp_service"
        }
      ],
      "type": [
        "list",
        [
          "object",
          {
            "comment": "string",
            "global": "bool",
            "group_id": "number",
            "id": "number",
            "max": "number",
            "min": "number",
            "name": "string",
            "protocol": "string",
            "type": "string"
          }
        ]
      ]
    }
  },
  "resources": [
    {
      "module": "module.servers",
      "mode": "data",
      "type": "tufin_servers",
      "name": "servers_by_name",
      "provider": "module.servers.provider[\"hashicorp.com/rc/tos\"]",
      "instances": [
        {
          "schema_version": 0,
          "attributes": {
            "app": "3Rivers",
            "domain": "Default",
            "id": "servers_by_name",
            "name": "MARS_1",
            "servers": [
              {
                "comment": "Test Server MARS 1 .. Created by Tufin Terraform Provider",
                "group_id": 0,
                "id": 18207,
                "ip": "1.2.3.4",
                "name": "MARS_1",
                "security_level": ""
              }
            ]
          },
          "sensitive_attributes": []
        }
      ]
    },
    {
      "module": "module.servers",
      "mode": "managed",
      "type": "tufin_server",
      "name": "mars_1",
      "provider": "module.servers.provider[\"hashicorp.com/rc/tos\"]",
      "instances": [
        {
          "schema_version": 0,
          "attributes": {
            "app": "3Rivers",
            "comment": "Test Server MARS 1 .. Created by Tufin Terraform Provider",
            "domain": "Default",
            "group_id": 1,
            "id": "18207",
            "ip": "1.2.3.4",
            "name": "MARS_1",
            "security_level": "",
            "tags": {
              "description": "Tufin Terraform Provider Showcase",
              "network_object_SA": "MARS_1",
              "origin": "provider-tufin-tos",
              "project": "Tufin Terraform Provider",
              "version": "1.0.0"
            }
          },
          "sensitive_attributes": [],
          "private": "bnVsbA=="
        }
      ]
    },
    {
      "module": "module.services",
      "mode": "data",
      "type": "tufin_services",
      "name": "services_by_name",
      "provider": "module.services.provider[\"hashicorp.com/rc/tos\"]",
      "instances": [
        {
          "schema_version": 0,
          "attributes": {
            "id": "services_by_name",
            "name": "https",
            "services": [
              {
                "comment": "HTTP protocol over TLS/SSL",
                "global": true,
                "group_id": 0,
                "id": 85,
                "max": 443,
                "min": 443,
                "name": "https",
                "protocol": "",
                "type": "tcp_service"
              }
            ]
          },
          "sensitive_attributes": []
        }
      ]
    }
  ]
}
